
Microsoft Visual Studio Solution File, Format Version 12.00
# Visual Studio Version 17
VisualStudioVersion = 17.0.31903.59
MinimumVisualStudioVersion = 10.0.40219.1
Project("{FAE04EC0-301F-11D3-BF4B-00C04F79EFBC}") = "Lovak", "Lovak\Lovak.csproj", "{D4C67BC5-CCB8-4589-98B7-6E22F91FFA9E}"
EndProject
Project("{FAE04EC0-301F-11D3-BF4B-00C04F79EFBC}") = "SzakkorElso", "SzakkorElso\SzakkorElso.csproj", "{6773128A-CED2-4F0B-BAD1-CF7F53F5E7DA}"
EndProject
Project("{FAE04EC0-301F-11D3-BF4B-00C04F79EFBC}") = "Expedicio", "Expedicio\Expedicio.csproj", "{73A821E3-62D5-43E8-BA46-0B5BC70D2BEB}"
EndProject
Project("{FAE04EC0-301F-11D3-BF4B-00C04F79EFBC}") = "Autok_Mozgasa", "Autok_Mozgasa\Autok_Mozgasa.csproj", "{782EC08F-4313-4B64-924F-C99425DCD8F6}"
EndProject
Global
	GlobalSection(SolutionConfigurationPlatforms) = preSolution
		Debug|Any CPU = Debug|Any CPU
		Release|Any CPU = Release|Any CPU
	EndGlobalSection
	GlobalSection(SolutionProperties) = preSolution
		HideSolutionNode = FALSE
	EndGlobalSection
	GlobalSection(ProjectConfigurationPlatforms) = postSolution
		{D4C67BC5-CCB8-4589-98B7-6E22F91FFA9E}.Debug|Any CPU.ActiveCfg = Debug|Any CPU
		{D4C67BC5-CCB8-4589-98B7-6E22F91FFA9E}.Debug|Any CPU.Build.0 = Debug|Any CPU
		{D4C67BC5-CCB8-4589-98B7-6E22F91FFA9E}.Release|Any CPU.ActiveCfg = Release|Any CPU
		{D4C67BC5-CCB8-4589-98B7-6E22F91FFA9E}.Release|Any CPU.Build.0 = Release|Any CPU
		{6773128A-CED2-4F0B-BAD1-CF7F53F5E7DA}.Debug|Any CPU.ActiveCfg = Debug|Any CPU
		{6773128A-CED2-4F0B-BAD1-CF7F53F5E7DA}.Debug|Any CPU.Build.0 = Debug|Any CPU
		{6773128A-CED2-4F0B-BAD1-CF7F53F5E7DA}.Release|Any CPU.ActiveCfg = Release|Any CPU
		{6773128A-CED2-4F0B-BAD1-CF7F53F5E7DA}.Release|Any CPU.Build.0 = Release|Any CPU
		{73A821E3-62D5-43E8-BA46-0B5BC70D2BEB}.Debug|Any CPU.ActiveCfg = Debug|Any CPU
		{73A821E3-62D5-43E8-BA46-0B5BC70D2BEB}.Debug|Any CPU.Build.0 = Debug|Any CPU
		{73A821E3-62D5-43E8-BA46-0B5BC70D2BEB}.Release|Any CPU.ActiveCfg = Release|Any CPU
		{73A821E3-62D5-43E8-BA46-0B5BC70D2BEB}.Release|Any CPU.Build.0 = Release|Any CPU
		{782EC08F-4313-4B64-924F-C99425DCD8F6}.Debug|Any CPU.ActiveCfg = Debug|Any CPU
		{782EC08F-4313-4B64-924F-C99425DCD8F6}.Debug|Any CPU.Build.0 = Debug|Any CPU
		{782EC08F-4313-4B64-924F-C99425DCD8F6}.Release|Any CPU.ActiveCfg = Release|Any CPU
		{782EC08F-4313-4B64-924F-C99425DCD8F6}.Release|Any CPU.Build.0 = Release|Any CPU
	EndGlobalSection
EndGlobal
