Microsoft Visual Studio Solution File, Format Version 12.00
# Visual Studio Version 17
VisualStudioVersion = 17.5.2.0
MinimumVisualStudioVersion = 10.0.40219.1
Project("{FAE04EC0-301F-11D3-BF4B-00C04F79EFBC}") = "LearnOOP", "LearnOOP.csproj", "{93A63096-5C01-8703-758B-14FA97E3E60D}"
EndProject
Global
	GlobalSection(SolutionConfigurationPlatforms) = preSolution
		Debug|Any CPU = Debug|Any CPU
		Release|Any CPU = Release|Any CPU
	EndGlobalSection
	GlobalSection(ProjectConfigurationPlatforms) = postSolution
		{93A63096-5C01-8703-758B-14FA97E3E60D}.Debug|Any CPU.ActiveCfg = Debug|Any CPU
		{93A63096-5C01-8703-758B-14FA97E3E60D}.Debug|Any CPU.Build.0 = Debug|Any CPU
		{93A63096-5C01-8703-758B-14FA97E3E60D}.Release|Any CPU.ActiveCfg = Release|Any CPU
		{93A63096-5C01-8703-758B-14FA97E3E60D}.Release|Any CPU.Build.0 = Release|Any CPU
	EndGlobalSection
	GlobalSection(SolutionProperties) = preSolution
		HideSolutionNode = FALSE
	EndGlobalSection
	GlobalSection(ExtensibilityGlobals) = postSolution
		SolutionGuid = {42AE9DFA-F392-4E5A-98C6-0461C9919116}
	EndGlobalSection
EndGlobal
