
Microsoft Visual Studio Solution File, Format Version 12.00
# Visual Studio Version 17
VisualStudioVersion = 17.11.35303.130
MinimumVisualStudioVersion = 10.0.40219.1
Project("{FAE04EC0-301F-11D3-BF4B-00C04F79EFBC}") = "Bármi", "Bármi.csproj", "{2398A92C-6F49-4DDB-880A-20D5E5F24369}"
EndProject
Global
	GlobalSection(SolutionConfigurationPlatforms) = preSolution
		Debug|Any CPU = Debug|Any CPU
		Release|Any CPU = Release|Any CPU
	EndGlobalSection
	GlobalSection(ProjectConfigurationPlatforms) = postSolution
		{2398A92C-6F49-4DDB-880A-20D5E5F24369}.Debug|Any CPU.ActiveCfg = Debug|Any CPU
		{2398A92C-6F49-4DDB-880A-20D5E5F24369}.Debug|Any CPU.Build.0 = Debug|Any CPU
		{2398A92C-6F49-4DDB-880A-20D5E5F24369}.Release|Any CPU.ActiveCfg = Release|Any CPU
		{2398A92C-6F49-4DDB-880A-20D5E5F24369}.Release|Any CPU.Build.0 = Release|Any CPU
	EndGlobalSection
	GlobalSection(SolutionProperties) = preSolution
		HideSolutionNode = FALSE
	EndGlobalSection
	GlobalSection(ExtensibilityGlobals) = postSolution
		SolutionGuid = {8BB45E67-C356-4927-9031-288AE64E7045}
	EndGlobalSection
EndGlobal
