
Microsoft Visual Studio Solution File, Format Version 12.00
# Visual Studio Version 17
VisualStudioVersion = 17.11.35303.130
MinimumVisualStudioVersion = 10.0.40219.1
Project("{FAE04EC0-301F-11D3-BF4B-00C04F79EFBC}") = "Proba", "Proba.csproj", "{4075A4BA-EBFA-49DE-899A-B2B1BE3E709B}"
EndProject
Global
	GlobalSection(SolutionConfigurationPlatforms) = preSolution
		Debug|Any CPU = Debug|Any CPU
		Release|Any CPU = Release|Any CPU
	EndGlobalSection
	GlobalSection(ProjectConfigurationPlatforms) = postSolution
		{4075A4BA-EBFA-49DE-899A-B2B1BE3E709B}.Debug|Any CPU.ActiveCfg = Debug|Any CPU
		{4075A4BA-EBFA-49DE-899A-B2B1BE3E709B}.Debug|Any CPU.Build.0 = Debug|Any CPU
		{4075A4BA-EBFA-49DE-899A-B2B1BE3E709B}.Release|Any CPU.ActiveCfg = Release|Any CPU
		{4075A4BA-EBFA-49DE-899A-B2B1BE3E709B}.Release|Any CPU.Build.0 = Release|Any CPU
	EndGlobalSection
	GlobalSection(SolutionProperties) = preSolution
		HideSolutionNode = FALSE
	EndGlobalSection
	GlobalSection(ExtensibilityGlobals) = postSolution
		SolutionGuid = {D81C20B9-4946-4ECB-9FBD-388663C12B04}
	EndGlobalSection
EndGlobal
