
Microsoft Visual Studio Solution File, Format Version 12.00
# Visual Studio Version 17
VisualStudioVersion = 17.11.35303.130
MinimumVisualStudioVersion = 10.0.40219.1
Project("{FAE04EC0-301F-11D3-BF4B-00C04F79EFBC}") = "Létra", "Létra.csproj", "{16919B8D-5920-46C5-B572-710CDB8312E8}"
EndProject
Global
	GlobalSection(SolutionConfigurationPlatforms) = preSolution
		Debug|Any CPU = Debug|Any CPU
		Release|Any CPU = Release|Any CPU
	EndGlobalSection
	GlobalSection(ProjectConfigurationPlatforms) = postSolution
		{16919B8D-5920-46C5-B572-710CDB8312E8}.Debug|Any CPU.ActiveCfg = Debug|Any CPU
		{16919B8D-5920-46C5-B572-710CDB8312E8}.Debug|Any CPU.Build.0 = Debug|Any CPU
		{16919B8D-5920-46C5-B572-710CDB8312E8}.Release|Any CPU.ActiveCfg = Release|Any CPU
		{16919B8D-5920-46C5-B572-710CDB8312E8}.Release|Any CPU.Build.0 = Release|Any CPU
	EndGlobalSection
	GlobalSection(SolutionProperties) = preSolution
		HideSolutionNode = FALSE
	EndGlobalSection
	GlobalSection(ExtensibilityGlobals) = postSolution
		SolutionGuid = {CBFCAAF2-AF07-41DD-A72A-61666A49A5F1}
	EndGlobalSection
EndGlobal
