
Microsoft Visual Studio Solution File, Format Version 12.00
# Visual Studio Version 16
VisualStudioVersion = 16.0.32929.386
MinimumVisualStudioVersion = 10.0.40219.1
Project("{FAE04EC0-301F-11D3-BF4B-00C04F79EFBC}") = "Valami", "Valami.csproj", "{772A9B50-37ED-4B14-8CC0-EEA7E95B60E1}"
EndProject
Global
	GlobalSection(SolutionConfigurationPlatforms) = preSolution
		Debug|Any CPU = Debug|Any CPU
		Release|Any CPU = Release|Any CPU
	EndGlobalSection
	GlobalSection(ProjectConfigurationPlatforms) = postSolution
		{772A9B50-37ED-4B14-8CC0-EEA7E95B60E1}.Debug|Any CPU.ActiveCfg = Debug|Any CPU
		{772A9B50-37ED-4B14-8CC0-EEA7E95B60E1}.Debug|Any CPU.Build.0 = Debug|Any CPU
		{772A9B50-37ED-4B14-8CC0-EEA7E95B60E1}.Release|Any CPU.ActiveCfg = Release|Any CPU
		{772A9B50-37ED-4B14-8CC0-EEA7E95B60E1}.Release|Any CPU.Build.0 = Release|Any CPU
	EndGlobalSection
	GlobalSection(SolutionProperties) = preSolution
		HideSolutionNode = FALSE
	EndGlobalSection
	GlobalSection(ExtensibilityGlobals) = postSolution
		SolutionGuid = {C5019929-BCCA-4B51-9AC4-28A0F665D01B}
	EndGlobalSection
EndGlobal
