
Microsoft Visual Studio Solution File, Format Version 12.00
# Visual Studio Version 16
VisualStudioVersion = 16.0.34729.46
MinimumVisualStudioVersion = 10.0.40219.1
Project("{FAE04EC0-301F-11D3-BF4B-00C04F79EFBC}") = "befozes", "befozes.csproj", "{119952B9-966F-4041-9E5D-DE5F25C83C68}"
EndProject
Global
	GlobalSection(SolutionConfigurationPlatforms) = preSolution
		Debug|Any CPU = Debug|Any CPU
		Release|Any CPU = Release|Any CPU
	EndGlobalSection
	GlobalSection(ProjectConfigurationPlatforms) = postSolution
		{119952B9-966F-4041-9E5D-DE5F25C83C68}.Debug|Any CPU.ActiveCfg = Debug|Any CPU
		{119952B9-966F-4041-9E5D-DE5F25C83C68}.Debug|Any CPU.Build.0 = Debug|Any CPU
		{119952B9-966F-4041-9E5D-DE5F25C83C68}.Release|Any CPU.ActiveCfg = Release|Any CPU
		{119952B9-966F-4041-9E5D-DE5F25C83C68}.Release|Any CPU.Build.0 = Release|Any CPU
	EndGlobalSection
	GlobalSection(SolutionProperties) = preSolution
		HideSolutionNode = FALSE
	EndGlobalSection
	GlobalSection(ExtensibilityGlobals) = postSolution
		SolutionGuid = {0D5210F8-DAB9-4EA9-B720-67BB86E53B65}
	EndGlobalSection
EndGlobal
